
Microsoft Visual Studio Solution File, Format Version 12.00
Project("{FAE04EC0-301F-11D3-BF4B-00C04F79EFBC}") = "LogoAlkoLator", "LogoAlkoLator.csproj", "{4B81CE48-1285-448A-BD3D-75C0BA77BD9F}"
EndProject
Global
	GlobalSection(SolutionConfigurationPlatforms) = preSolution
		Debug|Any CPU = Debug|Any CPU
		Release|Any CPU = Release|Any CPU
	EndGlobalSection
	GlobalSection(ProjectConfigurationPlatforms) = postSolution
		{4B81CE48-1285-448A-BD3D-75C0BA77BD9F}.Debug|Any CPU.ActiveCfg = Debug|Any CPU
		{4B81CE48-1285-448A-BD3D-75C0BA77BD9F}.Debug|Any CPU.Build.0 = Debug|Any CPU
		{4B81CE48-1285-448A-BD3D-75C0BA77BD9F}.Release|Any CPU.ActiveCfg = Release|Any CPU
		{4B81CE48-1285-448A-BD3D-75C0BA77BD9F}.Release|Any CPU.Build.0 = Release|Any CPU
	EndGlobalSection
EndGlobal
